
Microsoft Visual Studio Solution File, Format Version 12.00
# Visual Studio Version 16
VisualStudioVersion = 16.0.32413.511
MinimumVisualStudioVersion = 10.0.40219.1
Project("{FAE04EC0-301F-11D3-BF4B-00C04F79EFBC}") = "BeautySalon.UI", "BeautySalon.UI\BeautySalon.UI.csproj", "{C4A26A87-B3E2-4C8A-A247-D7ADE04DC837}"
EndProject
Project("{FAE04EC0-301F-11D3-BF4B-00C04F79EFBC}") = "BeautySalon.DAL", "BeautySalon.DAL\BeautySalon.DAL.csproj", "{F84D5610-3894-4F1D-975D-9D05CCB2A1B7}"
EndProject
Project("{FAE04EC0-301F-11D3-BF4B-00C04F79EFBC}") = "BeautySalon.BLL", "BeautySalon.BLL\BeautySalon.BLL.csproj", "{228D2C88-4FBD-40C5-A716-7FBBDEDCE6C5}"
EndProject
Global
	GlobalSection(SolutionConfigurationPlatforms) = preSolution
		Debug|Any CPU = Debug|Any CPU
		Release|Any CPU = Release|Any CPU
	EndGlobalSection
	GlobalSection(ProjectConfigurationPlatforms) = postSolution
		{C4A26A87-B3E2-4C8A-A247-D7ADE04DC837}.Debug|Any CPU.ActiveCfg = Debug|Any CPU
		{C4A26A87-B3E2-4C8A-A247-D7ADE04DC837}.Debug|Any CPU.Build.0 = Debug|Any CPU
		{C4A26A87-B3E2-4C8A-A247-D7ADE04DC837}.Release|Any CPU.ActiveCfg = Release|Any CPU
		{C4A26A87-B3E2-4C8A-A247-D7ADE04DC837}.Release|Any CPU.Build.0 = Release|Any CPU
		{F84D5610-3894-4F1D-975D-9D05CCB2A1B7}.Debug|Any CPU.ActiveCfg = Debug|Any CPU
		{F84D5610-3894-4F1D-975D-9D05CCB2A1B7}.Debug|Any CPU.Build.0 = Debug|Any CPU
		{F84D5610-3894-4F1D-975D-9D05CCB2A1B7}.Release|Any CPU.ActiveCfg = Release|Any CPU
		{F84D5610-3894-4F1D-975D-9D05CCB2A1B7}.Release|Any CPU.Build.0 = Release|Any CPU
		{228D2C88-4FBD-40C5-A716-7FBBDEDCE6C5}.Debug|Any CPU.ActiveCfg = Debug|Any CPU
		{228D2C88-4FBD-40C5-A716-7FBBDEDCE6C5}.Debug|Any CPU.Build.0 = Debug|Any CPU
		{228D2C88-4FBD-40C5-A716-7FBBDEDCE6C5}.Release|Any CPU.ActiveCfg = Release|Any CPU
		{228D2C88-4FBD-40C5-A716-7FBBDEDCE6C5}.Release|Any CPU.Build.0 = Release|Any CPU
	EndGlobalSection
	GlobalSection(SolutionProperties) = preSolution
		HideSolutionNode = FALSE
	EndGlobalSection
	GlobalSection(ExtensibilityGlobals) = postSolution
		SolutionGuid = {CDD3AB90-2C5E-456B-BEF8-7671B1D8FFCD}
	EndGlobalSection
EndGlobal
